Microsoft Visual Studio Solution File, Format Version 12.00
# Visual Studio Version 17
VisualStudioVersion = 17.5.2.0
MinimumVisualStudioVersion = 10.0.40219.1
Project("{FAE04EC0-301F-11D3-BF4B-00C04F79EFBC}") = "exp", "exp.csproj", "{15F293A3-3BD0-0111-8330-2CA42A2573BB}"
EndProject
Global
	GlobalSection(SolutionConfigurationPlatforms) = preSolution
		Debug|Any CPU = Debug|Any CPU
		Release|Any CPU = Release|Any CPU
	EndGlobalSection
	GlobalSection(ProjectConfigurationPlatforms) = postSolution
		{15F293A3-3BD0-0111-8330-2CA42A2573BB}.Debug|Any CPU.ActiveCfg = Debug|Any CPU
		{15F293A3-3BD0-0111-8330-2CA42A2573BB}.Debug|Any CPU.Build.0 = Debug|Any CPU
		{15F293A3-3BD0-0111-8330-2CA42A2573BB}.Release|Any CPU.ActiveCfg = Release|Any CPU
		{15F293A3-3BD0-0111-8330-2CA42A2573BB}.Release|Any CPU.Build.0 = Release|Any CPU
	EndGlobalSection
	GlobalSection(SolutionProperties) = preSolution
		HideSolutionNode = FALSE
	EndGlobalSection
	GlobalSection(ExtensibilityGlobals) = postSolution
		SolutionGuid = {8414F065-4BF1-4E0D-ADB0-80431AB58C40}
	EndGlobalSection
EndGlobal
