
Microsoft Visual Studio Solution File, Format Version 10.00
# Visual Studio 2008
Project("{FAE04EC0-301F-11D3-BF4B-00C04F79EFBC}") = "WWWTC-XII", "WWWTC-XII.csproj", "{10B5943B-4385-45E8-8C4D-36F27AE9291D}"
EndProject
Global
	GlobalSection(SolutionConfigurationPlatforms) = preSolution
		Debug|Any CPU = Debug|Any CPU
		Release|Any CPU = Release|Any CPU
	EndGlobalSection
	GlobalSection(ProjectConfigurationPlatforms) = postSolution
		{10B5943B-4385-45E8-8C4D-36F27AE9291D}.Debug|Any CPU.ActiveCfg = Debug|Any CPU
		{10B5943B-4385-45E8-8C4D-36F27AE9291D}.Debug|Any CPU.Build.0 = Debug|Any CPU
		{10B5943B-4385-45E8-8C4D-36F27AE9291D}.Release|Any CPU.ActiveCfg = Release|Any CPU
		{10B5943B-4385-45E8-8C4D-36F27AE9291D}.Release|Any CPU.Build.0 = Release|Any CPU
	EndGlobalSection
	GlobalSection(SolutionProperties) = preSolution
		HideSolutionNode = FALSE
	EndGlobalSection
EndGlobal
