
Microsoft Visual Studio Solution File, Format Version 10.00
# Visual Studio 2008
Project("{FAE04EC0-301F-11D3-BF4B-00C04F79EFBC}") = "DYK1", "DYK1.csproj", "{73DB8648-5D76-4059-95B6-A7363635A2DA}"
EndProject
Global
	GlobalSection(SolutionConfigurationPlatforms) = preSolution
		Debug|Any CPU = Debug|Any CPU
		Release|Any CPU = Release|Any CPU
	EndGlobalSection
	GlobalSection(ProjectConfigurationPlatforms) = postSolution
		{73DB8648-5D76-4059-95B6-A7363635A2DA}.Debug|Any CPU.ActiveCfg = Debug|Any CPU
		{73DB8648-5D76-4059-95B6-A7363635A2DA}.Debug|Any CPU.Build.0 = Debug|Any CPU
		{73DB8648-5D76-4059-95B6-A7363635A2DA}.Release|Any CPU.ActiveCfg = Release|Any CPU
		{73DB8648-5D76-4059-95B6-A7363635A2DA}.Release|Any CPU.Build.0 = Release|Any CPU
	EndGlobalSection
	GlobalSection(SolutionProperties) = preSolution
		HideSolutionNode = FALSE
	EndGlobalSection
EndGlobal
